{
  "name": "tp-001",
  "version": "1.0.0",
  "lockfileVersion": 2,
  "requires": true,
  "packages": {
    "": {
      "name": "tp-001",
      "version": "1.0.0",
      "license": "ISC",
      "dependencies": {
        "typescript": "^5.1.0-dev.20230417"
      }
    },
    "node_modules/typescript": {
      "version": "5.1.0-dev.20230417",
      "resolved": "https://registry.npmjs.org/typescript/-/typescript-5.1.0-dev.20230417.tgz",
      "integrity": "sha512-bEjKfPjxAgvrUViweybCkB++3y9qyF4hCBeXOf998QQDJpLAcaQWmub4IoPZ5yTvrkuGuNzFpy46tytA4p1fbA==",
      "bin": {
        "tsc": "bin/tsc",
        "tsserver": "bin/tsserver"
      },
      "engines": {
        "node": ">=14.17"
      }
    }
  },
  "dependencies": {
    "typescript": {
      "version": "5.1.0-dev.20230417",
      "resolved": "https://registry.npmjs.org/typescript/-/typescript-5.1.0-dev.20230417.tgz",
      "integrity": "sha512-bEjKfPjxAgvrUViweybCkB++3y9qyF4hCBeXOf998QQDJpLAcaQWmub4IoPZ5yTvrkuGuNzFpy46tytA4p1fbA=="
    }
  }
}
